Microsoft Visual Studio Solution File, Format Version 12.00
# Visual Studio Version 17
VisualStudioVersion = 17.5.2.0
MinimumVisualStudioVersion = 10.0.40219.1
Project("{FAE04EC0-301F-11D3-BF4B-00C04F79EFBC}") = "PSLab", "PSLab.csproj", "{351CD3F5-C5F6-82C3-5AA5-65BB900EACB8}"
EndProject
Global
	GlobalSection(SolutionConfigurationPlatforms) = preSolution
		Debug|Any CPU = Debug|Any CPU
		Release|Any CPU = Release|Any CPU
	EndGlobalSection
	GlobalSection(ProjectConfigurationPlatforms) = postSolution
		{351CD3F5-C5F6-82C3-5AA5-65BB900EACB8}.Debug|Any CPU.ActiveCfg = Debug|Any CPU
		{351CD3F5-C5F6-82C3-5AA5-65BB900EACB8}.Debug|Any CPU.Build.0 = Debug|Any CPU
		{351CD3F5-C5F6-82C3-5AA5-65BB900EACB8}.Release|Any CPU.ActiveCfg = Release|Any CPU
		{351CD3F5-C5F6-82C3-5AA5-65BB900EACB8}.Release|Any CPU.Build.0 = Release|Any CPU
	EndGlobalSection
	GlobalSection(SolutionProperties) = preSolution
		HideSolutionNode = FALSE
	EndGlobalSection
	GlobalSection(ExtensibilityGlobals) = postSolution
		SolutionGuid = {4448EF6A-B29B-49A8-9714-A5EF384ECD93}
	EndGlobalSection
EndGlobal
